
Microsoft Visual Studio Solution File, Format Version 12.00
# Visual Studio 15
VisualStudioVersion = 15.0.26124.0
MinimumVisualStudioVersion = 15.0.26124.0
Project("{2150E333-8FDC-42A3-9474-1A3956D46DE8}") = "src", "src", "{2A572E78-E232-429A-BA34-2BA937C28814}"
EndProject
Project("{FAE04EC0-301F-11D3-BF4B-00C04F79EFBC}") = "GradeBook", "src\GradeBook\GradeBook.csproj", "{2DD55799-CFC7-4644-8771-09B83038C7DF}"
EndProject
Project("{2150E333-8FDC-42A3-9474-1A3956D46DE8}") = "test", "test", "{C2649F53-62F0-476B-9ABD-CE1E6D200EC4}"
EndProject
Project("{FAE04EC0-301F-11D3-BF4B-00C04F79EFBC}") = "GradeBook.Tests", "test\GradeBook.Tests\GradeBook.Tests.csproj", "{5F3E7E64-6D85-4135-AE42-5DD74E5E81EB}"
EndProject
Global
	GlobalSection(SolutionConfigurationPlatforms) = preSolution
		Debug|Any CPU = Debug|Any CPU
		Debug|x64 = Debug|x64
		Debug|x86 = Debug|x86
		Release|Any CPU = Release|Any CPU
		Release|x64 = Release|x64
		Release|x86 = Release|x86
	EndGlobalSection
	GlobalSection(SolutionProperties) = preSolution
		HideSolutionNode = FALSE
	EndGlobalSection
	GlobalSection(ProjectConfigurationPlatforms) = postSolution
		{2DD55799-CFC7-4644-8771-09B83038C7DF}.Debug|Any CPU.ActiveCfg = Debug|Any CPU
		{2DD55799-CFC7-4644-8771-09B83038C7DF}.Debug|Any CPU.Build.0 = Debug|Any CPU
		{2DD55799-CFC7-4644-8771-09B83038C7DF}.Debug|x64.ActiveCfg = Debug|Any CPU
		{2DD55799-CFC7-4644-8771-09B83038C7DF}.Debug|x64.Build.0 = Debug|Any CPU
		{2DD55799-CFC7-4644-8771-09B83038C7DF}.Debug|x86.ActiveCfg = Debug|Any CPU
		{2DD55799-CFC7-4644-8771-09B83038C7DF}.Debug|x86.Build.0 = Debug|Any CPU
		{2DD55799-CFC7-4644-8771-09B83038C7DF}.Release|Any CPU.ActiveCfg = Release|Any CPU
		{2DD55799-CFC7-4644-8771-09B83038C7DF}.Release|Any CPU.Build.0 = Release|Any CPU
		{2DD55799-CFC7-4644-8771-09B83038C7DF}.Release|x64.ActiveCfg = Release|Any CPU
		{2DD55799-CFC7-4644-8771-09B83038C7DF}.Release|x64.Build.0 = Release|Any CPU
		{2DD55799-CFC7-4644-8771-09B83038C7DF}.Release|x86.ActiveCfg = Release|Any CPU
		{2DD55799-CFC7-4644-8771-09B83038C7DF}.Release|x86.Build.0 = Release|Any CPU
		{5F3E7E64-6D85-4135-AE42-5DD74E5E81EB}.Debug|Any CPU.ActiveCfg = Debug|Any CPU
		{5F3E7E64-6D85-4135-AE42-5DD74E5E81EB}.Debug|Any CPU.Build.0 = Debug|Any CPU
		{5F3E7E64-6D85-4135-AE42-5DD74E5E81EB}.Debug|x64.ActiveCfg = Debug|Any CPU
		{5F3E7E64-6D85-4135-AE42-5DD74E5E81EB}.Debug|x64.Build.0 = Debug|Any CPU
		{5F3E7E64-6D85-4135-AE42-5DD74E5E81EB}.Debug|x86.ActiveCfg = Debug|Any CPU
		{5F3E7E64-6D85-4135-AE42-5DD74E5E81EB}.Debug|x86.Build.0 = Debug|Any CPU
		{5F3E7E64-6D85-4135-AE42-5DD74E5E81EB}.Release|Any CPU.ActiveCfg = Release|Any CPU
		{5F3E7E64-6D85-4135-AE42-5DD74E5E81EB}.Release|Any CPU.Build.0 = Release|Any CPU
		{5F3E7E64-6D85-4135-AE42-5DD74E5E81EB}.Release|x64.ActiveCfg = Release|Any CPU
		{5F3E7E64-6D85-4135-AE42-5DD74E5E81EB}.Release|x64.Build.0 = Release|Any CPU
		{5F3E7E64-6D85-4135-AE42-5DD74E5E81EB}.Release|x86.ActiveCfg = Release|Any CPU
		{5F3E7E64-6D85-4135-AE42-5DD74E5E81EB}.Release|x86.Build.0 = Release|Any CPU
	EndGlobalSection
	GlobalSection(NestedProjects) = preSolution
		{2DD55799-CFC7-4644-8771-09B83038C7DF} = {2A572E78-E232-429A-BA34-2BA937C28814}
		{5F3E7E64-6D85-4135-AE42-5DD74E5E81EB} = {C2649F53-62F0-476B-9ABD-CE1E6D200EC4}
	EndGlobalSection
EndGlobal
